
Microsoft Visual Studio Solution File, Format Version 12.00
# Visual Studio Version 16
VisualStudioVersion = 16.0.31321.278
MinimumVisualStudioVersion = 10.0.40219.1
Project("{FAE04EC0-301F-11D3-BF4B-00C04F79EFBC}") = "OOP_Entity", "OOP_Entity\OOP_Entity.csproj", "{896CCC44-A11C-442B-A3F2-7938BA4DA79C}"
EndProject
Global
	GlobalSection(SolutionConfigurationPlatforms) = preSolution
		Debug|Any CPU = Debug|Any CPU
		Release|Any CPU = Release|Any CPU
	EndGlobalSection
	GlobalSection(ProjectConfigurationPlatforms) = postSolution
		{896CCC44-A11C-442B-A3F2-7938BA4DA79C}.Debug|Any CPU.ActiveCfg = Debug|Any CPU
		{896CCC44-A11C-442B-A3F2-7938BA4DA79C}.Debug|Any CPU.Build.0 = Debug|Any CPU
		{896CCC44-A11C-442B-A3F2-7938BA4DA79C}.Release|Any CPU.ActiveCfg = Release|Any CPU
		{896CCC44-A11C-442B-A3F2-7938BA4DA79C}.Release|Any CPU.Build.0 = Release|Any CPU
	EndGlobalSection
	GlobalSection(SolutionProperties) = preSolution
		HideSolutionNode = FALSE
	EndGlobalSection
	GlobalSection(ExtensibilityGlobals) = postSolution
		SolutionGuid = {AC97BDC5-41C9-4092-8968-1B47F219F286}
	EndGlobalSection
EndGlobal
