
Microsoft Visual Studio Solution File, Format Version 12.00
# Visual Studio Version 16
VisualStudioVersion = 16.0.31321.278
MinimumVisualStudioVersion = 10.0.40219.1
Project("{FAE04EC0-301F-11D3-BF4B-00C04F79EFBC}") = "Array-List", "Array-List\Array-List.csproj", "{06E6172C-17A2-4957-9E96-C17E1ECDA9EE}"
EndProject
Global
	GlobalSection(SolutionConfigurationPlatforms) = preSolution
		Debug|Any CPU = Debug|Any CPU
		Release|Any CPU = Release|Any CPU
	EndGlobalSection
	GlobalSection(ProjectConfigurationPlatforms) = postSolution
		{06E6172C-17A2-4957-9E96-C17E1ECDA9EE}.Debug|Any CPU.ActiveCfg = Debug|Any CPU
		{06E6172C-17A2-4957-9E96-C17E1ECDA9EE}.Debug|Any CPU.Build.0 = Debug|Any CPU
		{06E6172C-17A2-4957-9E96-C17E1ECDA9EE}.Release|Any CPU.ActiveCfg = Release|Any CPU
		{06E6172C-17A2-4957-9E96-C17E1ECDA9EE}.Release|Any CPU.Build.0 = Release|Any CPU
	EndGlobalSection
	GlobalSection(SolutionProperties) = preSolution
		HideSolutionNode = FALSE
	EndGlobalSection
	GlobalSection(ExtensibilityGlobals) = postSolution
		SolutionGuid = {27870EB6-C319-4217-8566-F150DCDDAF23}
	EndGlobalSection
EndGlobal
